// !$*UTF8*$!
{
	archiveVersion = 1;
	classes = {
	};
	objectVersion = 56;
	objects = {

/* Begin PBXBuildFile section */
		E22FCBD62AABC6A100C59DA6 /* ProfileViewController.swift in Sources */ = {isa = PBXBuildFile; fileRef = E22FCBD52AABC6A100C59DA6 /* ProfileViewController.swift */; };
		E22FCBD82AAF7C7200C59DA6 /* SingleImageViewController.swift in Sources */ = {isa = PBXBuildFile; fileRef = E22FCBD72AAF7C7100C59DA6 /* SingleImageViewController.swift */; };
		E270442B2A97C1FE006A5021 /* AppDelegate.swift in Sources */ = {isa = PBXBuildFile; fileRef = E270442A2A97C1FE006A5021 /* AppDelegate.swift */; };
		E270442D2A97C1FE006A5021 /* SceneDelegate.swift in Sources */ = {isa = PBXBuildFile; fileRef = E270442C2A97C1FE006A5021 /* SceneDelegate.swift */; };
		E270442F2A97C1FE006A5021 /* ImagesListViewController.swift in Sources */ = {isa = PBXBuildFile; fileRef = E270442E2A97C1FE006A5021 /* ImagesListViewController.swift */; };
		E27044322A97C1FE006A5021 /* Main.storyboard in Resources */ = {isa = PBXBuildFile; fileRef = E27044302A97C1FE006A5021 /* Main.storyboard */; };
		E27044342A97C200006A5021 /* Assets.xcassets in Resources */ = {isa = PBXBuildFile; fileRef = E27044332A97C200006A5021 /* Assets.xcassets */; };
		E27044372A97C200006A5021 /* LaunchScreen.storyboard in Resources */ = {isa = PBXBuildFile; fileRef = E27044352A97C200006A5021 /* LaunchScreen.storyboard */; };
		E27044622A9E4673006A5021 /* ImagesListCell.swift in Sources */ = {isa = PBXBuildFile; fileRef = E27044612A9E4673006A5021 /* ImagesListCell.swift */; };
		E2B97B942AC5EB68003E6E86 /* OAuthTokenResponseBody.swift in Sources */ = {isa = PBXBuildFile; fileRef = E2B97B932AC5EB68003E6E86 /* OAuthTokenResponseBody.swift */; };
		E2B97B962AC5EBB0003E6E86 /* OAuth2Service.swift in Sources */ = {isa = PBXBuildFile; fileRef = E2B97B952AC5EBB0003E6E86 /* OAuth2Service.swift */; };
		E2B97B992AC779CA003E6E86 /* OAuth2TokenStorage.swift in Sources */ = {isa = PBXBuildFile; fileRef = E2B97B982AC779CA003E6E86 /* OAuth2TokenStorage.swift */; };
		E2B97B9B2AC77AB6003E6E86 /* URLRequestExtension.swift in Sources */ = {isa = PBXBuildFile; fileRef = E2B97B9A2AC77AB6003E6E86 /* URLRequestExtension.swift */; };
		E2B97B9D2AC77B4D003E6E86 /* URLSessionExtension.swift in Sources */ = {isa = PBXBuildFile; fileRef = E2B97B9C2AC77B4D003E6E86 /* URLSessionExtension.swift */; };
		E2B97B9F2AC77C19003E6E86 /* WebViewViewControllerDelegate.swift in Sources */ = {isa = PBXBuildFile; fileRef = E2B97B9E2AC77C19003E6E86 /* WebViewViewControllerDelegate.swift */; };
		E2B97BA22ACA3BB4003E6E86 /* SplashViewController.swift in Sources */ = {isa = PBXBuildFile; fileRef = E2B97BA12ACA3BB4003E6E86 /* SplashViewController.swift */; };
		E2E5D95F2AC07D7C00C08E19 /* Constants.swift in Sources */ = {isa = PBXBuildFile; fileRef = E2E5D95E2AC07D7C00C08E19 /* Constants.swift */; };
		E2E5D9612AC1E19C00C08E19 /* AuthViewController.swift in Sources */ = {isa = PBXBuildFile; fileRef = E2E5D9602AC1E19C00C08E19 /* AuthViewController.swift */; };
		E2E5D9662AC1E62200C08E19 /* WebViewViewController.swift in Sources */ = {isa = PBXBuildFile; fileRef = E2E5D9652AC1E62200C08E19 /* WebViewViewController.swift */; };
/* End PBXBuildFile section */

/* Begin PBXFileReference section */
		E22FCBD52AABC6A100C59DA6 /* ProfileViewController.swift */ = {isa = PBXFileReference; lastKnownFileType = sourcecode.swift; path = ProfileViewController.swift; sourceTree = "<group>"; };
		E22FCBD72AAF7C7100C59DA6 /* SingleImageViewController.swift */ = {isa = PBXFileReference; lastKnownFileType = sourcecode.swift; path = SingleImageViewController.swift; sourceTree = "<group>"; };
		E27044272A97C1FE006A5021 /* ImageFeed.app */ = {isa = PBXFileReference; explicitFileType = wrapper.application; includeInIndex = 0; path = ImageFeed.app; sourceTree = BUILT_PRODUCTS_DIR; };
		E270442A2A97C1FE006A5021 /* AppDelegate.swift */ = {isa = PBXFileReference; lastKnownFileType = sourcecode.swift; path = AppDelegate.swift; sourceTree = "<group>"; };
		E270442C2A97C1FE006A5021 /* SceneDelegate.swift */ = {isa = PBXFileReference; lastKnownFileType = sourcecode.swift; path = SceneDelegate.swift; sourceTree = "<group>"; };
		E270442E2A97C1FE006A5021 /* ImagesListViewController.swift */ = {isa = PBXFileReference; lastKnownFileType = sourcecode.swift; path = ImagesListViewController.swift; sourceTree = "<group>"; };
		E27044312A97C1FE006A5021 /* Base */ = {isa = PBXFileReference; lastKnownFileType = file.storyboard; name = Base; path = Base.lproj/Main.storyboard; sourceTree = "<group>"; };
		E27044332A97C200006A5021 /* Assets.xcassets */ = {isa = PBXFileReference; lastKnownFileType = folder.assetcatalog; path = Assets.xcassets; sourceTree = "<group>"; };
		E27044362A97C200006A5021 /* Base */ = {isa = PBXFileReference; lastKnownFileType = file.storyboard; name = Base; path = Base.lproj/LaunchScreen.storyboard; sourceTree = "<group>"; };
		E27044382A97C200006A5021 /* Info.plist */ = {isa = PBXFileReference; lastKnownFileType = text.plist.xml; path = Info.plist; sourceTree = "<group>"; };
		E27044612A9E4673006A5021 /* ImagesListCell.swift */ = {isa = PBXFileReference; lastKnownFileType = sourcecode.swift; path = ImagesListCell.swift; sourceTree = "<group>"; };
		E2B97B932AC5EB68003E6E86 /* OAuthTokenResponseBody.swift */ = {isa = PBXFileReference; lastKnownFileType = sourcecode.swift; path = OAuthTokenResponseBody.swift; sourceTree = "<group>"; };
		E2B97B952AC5EBB0003E6E86 /* OAuth2Service.swift */ = {isa = PBXFileReference; lastKnownFileType = sourcecode.swift; path = OAuth2Service.swift; sourceTree = "<group>"; };
		E2B97B982AC779CA003E6E86 /* OAuth2TokenStorage.swift */ = {isa = PBXFileReference; lastKnownFileType = sourcecode.swift; path = OAuth2TokenStorage.swift; sourceTree = "<group>"; };
		E2B97B9A2AC77AB6003E6E86 /* URLRequestExtension.swift */ = {isa = PBXFileReference; lastKnownFileType = sourcecode.swift; path = URLRequestExtension.swift; sourceTree = "<group>"; };
		E2B97B9C2AC77B4D003E6E86 /* URLSessionExtension.swift */ = {isa = PBXFileReference; lastKnownFileType = sourcecode.swift; path = URLSessionExtension.swift; sourceTree = "<group>"; };
		E2B97B9E2AC77C19003E6E86 /* WebViewViewControllerDelegate.swift */ = {isa = PBXFileReference; lastKnownFileType = sourcecode.swift; path = WebViewViewControllerDelegate.swift; sourceTree = "<group>"; };
		E2B97BA12ACA3BB4003E6E86 /* SplashViewController.swift */ = {isa = PBXFileReference; lastKnownFileType = sourcecode.swift; path = SplashViewController.swift; sourceTree = "<group>"; };
		E2E5D95E2AC07D7C00C08E19 /* Constants.swift */ = {isa = PBXFileReference; lastKnownFileType = sourcecode.swift; path = Constants.swift; sourceTree = "<group>"; };
		E2E5D9602AC1E19C00C08E19 /* AuthViewController.swift */ = {isa = PBXFileReference; lastKnownFileType = sourcecode.swift; path = AuthViewController.swift; sourceTree = "<group>"; };
		E2E5D9652AC1E62200C08E19 /* WebViewViewController.swift */ = {isa = PBXFileReference; lastKnownFileType = sourcecode.swift; path = WebViewViewController.swift; sourceTree = "<group>"; };
/* End PBXFileReference section */

/* Begin PBXFrameworksBuildPhase section */
		E27044242A97C1FE006A5021 /* Frameworks */ = {
			isa = PBXFrameworksBuildPhase;
			buildActionMask = 2147483647;
			files = (
			);
			runOnlyForDeploymentPostprocessing = 0;
		};
/* End PBXFrameworksBuildPhase section */

/* Begin PBXGroup section */
		E22FCBD42AABC66C00C59DA6 /* Profile */ = {
			isa = PBXGroup;
			children = (
				E22FCBD52AABC6A100C59DA6 /* ProfileViewController.swift */,
			);
			path = Profile;
			sourceTree = "<group>";
		};
		E22FCBDA2AAF7EE600C59DA6 /* SingleImageView */ = {
			isa = PBXGroup;
			children = (
				E22FCBD72AAF7C7100C59DA6 /* SingleImageViewController.swift */,
			);
			path = SingleImageView;
			sourceTree = "<group>";
		};
		E270441E2A97C1FE006A5021 = {
			isa = PBXGroup;
			children = (
				E27044292A97C1FE006A5021 /* ImageFeed */,
				E27044282A97C1FE006A5021 /* Products */,
			);
			sourceTree = "<group>";
		};
		E27044282A97C1FE006A5021 /* Products */ = {
			isa = PBXGroup;
			children = (
				E27044272A97C1FE006A5021 /* ImageFeed.app */,
			);
			name = Products;
			sourceTree = "<group>";
		};
		E27044292A97C1FE006A5021 /* ImageFeed */ = {
			isa = PBXGroup;
			children = (
				E2B97BA02ACA3BAC003E6E86 /* SplashViewController */,
				E2B97B972AC77870003E6E86 /* OAuth2 */,
				E270442A2A97C1FE006A5021 /* AppDelegate.swift */,
				E270442C2A97C1FE006A5021 /* SceneDelegate.swift */,
				E2E5D95E2AC07D7C00C08E19 /* Constants.swift */,
				E2E5D9632AC1E1DE00C08E19 /* Auth */,
				E27044602A9E4664006A5021 /* ImagesList */,
				E22FCBD42AABC66C00C59DA6 /* Profile */,
				E22FCBDA2AAF7EE600C59DA6 /* SingleImageView */,
				E27044302A97C1FE006A5021 /* Main.storyboard */,
				E27044332A97C200006A5021 /* Assets.xcassets */,
				E27044352A97C200006A5021 /* LaunchScreen.storyboard */,
				E27044382A97C200006A5021 /* Info.plist */,
				E2B97B932AC5EB68003E6E86 /* OAuthTokenResponseBody.swift */,
				E2B97B9A2AC77AB6003E6E86 /* URLRequestExtension.swift */,
				E2B97B9C2AC77B4D003E6E86 /* URLSessionExtension.swift */,
			);
			path = ImageFeed;
			sourceTree = "<group>";
		};
		E27044602A9E4664006A5021 /* ImagesList */ = {
			isa = PBXGroup;
			children = (
				E270442E2A97C1FE006A5021 /* ImagesListViewController.swift */,
				E27044612A9E4673006A5021 /* ImagesListCell.swift */,
			);
			path = ImagesList;
			sourceTree = "<group>";
		};
		E2B97B972AC77870003E6E86 /* OAuth2 */ = {
			isa = PBXGroup;
			children = (
				E2B97B952AC5EBB0003E6E86 /* OAuth2Service.swift */,
				E2B97B982AC779CA003E6E86 /* OAuth2TokenStorage.swift */,
			);
			path = OAuth2;
			sourceTree = "<group>";
		};
		E2B97BA02ACA3BAC003E6E86 /* SplashViewController */ = {
			isa = PBXGroup;
			children = (
				E2B97BA12ACA3BB4003E6E86 /* SplashViewController.swift */,
			);
			path = SplashViewController;
			sourceTree = "<group>";
		};
		E2E5D9632AC1E1DE00C08E19 /* Auth */ = {
			isa = PBXGroup;
			children = (
				E2E5D9602AC1E19C00C08E19 /* AuthViewController.swift */,
				E2E5D9652AC1E62200C08E19 /* WebViewViewController.swift */,
				E2B97B9E2AC77C19003E6E86 /* WebViewViewControllerDelegate.swift */,
			);
			path = Auth;
			sourceTree = "<group>";
		};
/* End PBXGroup section */

/* Begin PBXNativeTarget section */
		E27044262A97C1FE006A5021 /* ImageFeed */ = {
			isa = PBXNativeTarget;
			buildConfigurationList = E270443B2A97C200006A5021 /* Build configuration list for PBXNativeTarget "ImageFeed" */;
			buildPhases = (
				E27044232A97C1FE006A5021 /* Sources */,
				E27044242A97C1FE006A5021 /* Frameworks */,
				E27044252A97C1FE006A5021 /* Resources */,
			);
			buildRules = (
			);
			dependencies = (
			);
			name = ImageFeed;
			productName = ImageFeed;
			productReference = E27044272A97C1FE006A5021 /* ImageFeed.app */;
			productType = "com.apple.product-type.application";
		};
/* End PBXNativeTarget section */

/* Begin PBXProject section */
		E270441F2A97C1FE006A5021 /* Project object */ = {
			isa = PBXProject;
			attributes = {
				BuildIndependentTargetsInParallel = 1;
				LastSwiftUpdateCheck = 1430;
				LastUpgradeCheck = 1430;
				TargetAttributes = {
					E27044262A97C1FE006A5021 = {
						CreatedOnToolsVersion = 14.3.1;
					};
				};
			};
			buildConfigurationList = E27044222A97C1FE006A5021 /* Build configuration list for PBXProject "ImageFeed" */;
			compatibilityVersion = "Xcode 14.0";
			developmentRegion = en;
			hasScannedForEncodings = 0;
			knownRegions = (
				en,
				Base,
			);
			mainGroup = E270441E2A97C1FE006A5021;
			productRefGroup = E27044282A97C1FE006A5021 /* Products */;
			projectDirPath = "";
			projectRoot = "";
			targets = (
				E27044262A97C1FE006A5021 /* ImageFeed */,
			);
		};
/* End PBXProject section */

/* Begin PBXResourcesBuildPhase section */
		E27044252A97C1FE006A5021 /* Resources */ = {
			isa = PBXResourcesBuildPhase;
			buildActionMask = 2147483647;
			files = (
				E27044372A97C200006A5021 /* LaunchScreen.storyboard in Resources */,
				E27044342A97C200006A5021 /* Assets.xcassets in Resources */,
				E27044322A97C1FE006A5021 /* Main.storyboard in Resources */,
			);
			runOnlyForDeploymentPostprocessing = 0;
		};
/* End PBXResourcesBuildPhase section */

/* Begin PBXSourcesBuildPhase section */
		E27044232A97C1FE006A5021 /* Sources */ = {
			isa = PBXSourcesBuildPhase;
			buildActionMask = 2147483647;
			files = (
				E270442F2A97C1FE006A5021 /* ImagesListViewController.swift in Sources */,
				E22FCBD62AABC6A100C59DA6 /* ProfileViewController.swift in Sources */,
				E27044622A9E4673006A5021 /* ImagesListCell.swift in Sources */,
				E270442B2A97C1FE006A5021 /* AppDelegate.swift in Sources */,
				E2B97B962AC5EBB0003E6E86 /* OAuth2Service.swift in Sources */,
				E2B97B942AC5EB68003E6E86 /* OAuthTokenResponseBody.swift in Sources */,
				E2B97B9F2AC77C19003E6E86 /* WebViewViewControllerDelegate.swift in Sources */,
				E2E5D9612AC1E19C00C08E19 /* AuthViewController.swift in Sources */,
				E2B97B9B2AC77AB6003E6E86 /* URLRequestExtension.swift in Sources */,
				E2B97B9D2AC77B4D003E6E86 /* URLSessionExtension.swift in Sources */,
				E2E5D95F2AC07D7C00C08E19 /* Constants.swift in Sources */,
				E22FCBD82AAF7C7200C59DA6 /* SingleImageViewController.swift in Sources */,
				E2E5D9662AC1E62200C08E19 /* WebViewViewController.swift in Sources */,
				E270442D2A97C1FE006A5021 /* SceneDelegate.swift in Sources */,
				E2B97B992AC779CA003E6E86 /* OAuth2TokenStorage.swift in Sources */,
				E2B97BA22ACA3BB4003E6E86 /* SplashViewController.swift in Sources */,
			);
			runOnlyForDeploymentPostprocessing = 0;
		};
/* End PBXSourcesBuildPhase section */

/* Begin PBXVariantGroup section */
		E27044302A97C1FE006A5021 /* Main.storyboard */ = {
			isa = PBXVariantGroup;
			children = (
				E27044312A97C1FE006A5021 /* Base */,
			);
			name = Main.storyboard;
			sourceTree = "<group>";
		};
		E27044352A97C200006A5021 /* LaunchScreen.storyboard */ = {
			isa = PBXVariantGroup;
			children = (
				E27044362A97C200006A5021 /* Base */,
			);
			name = LaunchScreen.storyboard;
			sourceTree = "<group>";
		};
/* End PBXVariantGroup section */

/* Begin XCBuildConfiguration section */
		E27044392A97C200006A5021 /* Debug */ = {
			isa = XCBuildConfiguration;
			buildSettings = {
				ALWAYS_SEARCH_USER_PATHS = NO;
				CLANG_ANALYZER_NONNULL = YES;
				CLANG_ANALYZER_NUMBER_OBJECT_CONVERSION = YES_AGGRESSIVE;
				CLANG_CXX_LANGUAGE_STANDARD = "gnu++20";
				CLANG_ENABLE_MODULES = YES;
				CLANG_ENABLE_OBJC_ARC = YES;
				CLANG_ENABLE_OBJC_WEAK = YES;
				CLANG_WARN_BLOCK_CAPTURE_AUTORELEASING = YES;
				CLANG_WARN_BOOL_CONVERSION = YES;
				CLANG_WARN_COMMA = YES;
				CLANG_WARN_CONSTANT_CONVERSION = YES;
				CLANG_WARN_DEPRECATED_OBJC_IMPLEMENTATIONS = YES;
				CLANG_WARN_DIRECT_OBJC_ISA_USAGE = YES_ERROR;
				CLANG_WARN_DOCUMENTATION_COMMENTS = YES;
				CLANG_WARN_EMPTY_BODY = YES;
				CLANG_WARN_ENUM_CONVERSION = YES;
				CLANG_WARN_INFINITE_RECURSION = YES;
				CLANG_WARN_INT_CONVERSION = YES;
				CLANG_WARN_NON_LITERAL_NULL_CONVERSION = YES;
				CLANG_WARN_OBJC_IMPLICIT_RETAIN_SELF = YES;
				CLANG_WARN_OBJC_LITERAL_CONVERSION = YES;
				CLANG_WARN_OBJC_ROOT_CLASS = YES_ERROR;
				CLANG_WARN_QUOTED_INCLUDE_IN_FRAMEWORK_HEADER = YES;
				CLANG_WARN_RANGE_LOOP_ANALYSIS = YES;
				CLANG_WARN_STRICT_PROTOTYPES = YES;
				CLANG_WARN_SUSPICIOUS_MOVE = YES;
				CLANG_WARN_UNGUARDED_AVAILABILITY = YES_AGGRESSIVE;
				CLANG_WARN_UNREACHABLE_CODE = YES;
				CLANG_WARN__DUPLICATE_METHOD_MATCH = YES;
				COPY_PHASE_STRIP = NO;
				DEBUG_INFORMATION_FORMAT = dwarf;
				ENABLE_STRICT_OBJC_MSGSEND = YES;
				ENABLE_TESTABILITY = YES;
				GCC_C_LANGUAGE_STANDARD = gnu11;
				GCC_DYNAMIC_NO_PIC = NO;
				GCC_NO_COMMON_BLOCKS = YES;
				GCC_OPTIMIZATION_LEVEL = 0;
				GCC_PREPROCESSOR_DEFINITIONS = (
					"DEBUG=1",
					"$(inherited)",
				);
				GCC_WARN_64_TO_32_BIT_CONVERSION = YES;
				GCC_WARN_ABOUT_RETURN_TYPE = YES_ERROR;
				GCC_WARN_UNDECLARED_SELECTOR = YES;
				GCC_WARN_UNINITIALIZED_AUTOS = YES_AGGRESSIVE;
				GCC_WARN_UNUSED_FUNCTION = YES;
				GCC_WARN_UNUSED_VARIABLE = YES;
				IPHONEOS_DEPLOYMENT_TARGET = 13.0;
				MTL_ENABLE_DEBUG_INFO = INCLUDE_SOURCE;
				MTL_FAST_MATH = YES;
				ONLY_ACTIVE_ARCH = YES;
				SDKROOT = iphoneos;
				SWIFT_ACTIVE_COMPILATION_CONDITIONS = DEBUG;
				SWIFT_OPTIMIZATION_LEVEL = "-Onone";
			};
			name = Debug;
		};
		E270443A2A97C200006A5021 /* Release */ = {
			isa = XCBuildConfiguration;
			buildSettings = {
				ALWAYS_SEARCH_USER_PATHS = NO;
				CLANG_ANALYZER_NONNULL = YES;
				CLANG_ANALYZER_NUMBER_OBJECT_CONVERSION = YES_AGGRESSIVE;
				CLANG_CXX_LANGUAGE_STANDARD = "gnu++20";
				CLANG_ENABLE_MODULES = YES;
				CLANG_ENABLE_OBJC_ARC = YES;
				CLANG_ENABLE_OBJC_WEAK = YES;
				CLANG_WARN_BLOCK_CAPTURE_AUTORELEASING = YES;
				CLANG_WARN_BOOL_CONVERSION = YES;
				CLANG_WARN_COMMA = YES;
				CLANG_WARN_CONSTANT_CONVERSION = YES;
				CLANG_WARN_DEPRECATED_OBJC_IMPLEMENTATIONS = YES;
				CLANG_WARN_DIRECT_OBJC_ISA_USAGE = YES_ERROR;
				CLANG_WARN_DOCUMENTATION_COMMENTS = YES;
				CLANG_WARN_EMPTY_BODY = YES;
				CLANG_WARN_ENUM_CONVERSION = YES;
				CLANG_WARN_INFINITE_RECURSION = YES;
				CLANG_WARN_INT_CONVERSION = YES;
				CLANG_WARN_NON_LITERAL_NULL_CONVERSION = YES;
				CLANG_WARN_OBJC_IMPLICIT_RETAIN_SELF = YES;
				CLANG_WARN_OBJC_LITERAL_CONVERSION = YES;
				CLANG_WARN_OBJC_ROOT_CLASS = YES_ERROR;
				CLANG_WARN_QUOTED_INCLUDE_IN_FRAMEWORK_HEADER = YES;
				CLANG_WARN_RANGE_LOOP_ANALYSIS = YES;
				CLANG_WARN_STRICT_PROTOTYPES = YES;
				CLANG_WARN_SUSPICIOUS_MOVE = YES;
				CLANG_WARN_UNGUARDED_AVAILABILITY = YES_AGGRESSIVE;
				CLANG_WARN_UNREACHABLE_CODE = YES;
				CLANG_WARN__DUPLICATE_METHOD_MATCH = YES;
				COPY_PHASE_STRIP = NO;
				DEBUG_INFORMATION_FORMAT = "dwarf-with-dsym";
				ENABLE_NS_ASSERTIONS = NO;
				ENABLE_STRICT_OBJC_MSGSEND = YES;
				GCC_C_LANGUAGE_STANDARD = gnu11;
				GCC_NO_COMMON_BLOCKS = YES;
				GCC_WARN_64_TO_32_BIT_CONVERSION = YES;
				GCC_WARN_ABOUT_RETURN_TYPE = YES_ERROR;
				GCC_WARN_UNDECLARED_SELECTOR = YES;
				GCC_WARN_UNINITIALIZED_AUTOS = YES_AGGRESSIVE;
				GCC_WARN_UNUSED_FUNCTION = YES;
				GCC_WARN_UNUSED_VARIABLE = YES;
				IPHONEOS_DEPLOYMENT_TARGET = 13.0;
				MTL_ENABLE_DEBUG_INFO = NO;
				MTL_FAST_MATH = YES;
				SDKROOT = iphoneos;
				SWIFT_COMPILATION_MODE = wholemodule;
				SWIFT_OPTIMIZATION_LEVEL = "-O";
				VALIDATE_PRODUCT = YES;
			};
			name = Release;
		};
		E270443C2A97C200006A5021 /* Debug */ = {
			isa = XCBuildConfiguration;
			buildSettings = {
				ASSETCATALOG_COMPILER_APPICON_NAME = AppIcon;
				ASSETCATALOG_COMPILER_GLOBAL_ACCENT_COLOR_NAME = AccentColor;
				CODE_SIGN_STYLE = Automatic;
				CURRENT_PROJECT_VERSION = 1;
				DEVELOPMENT_TEAM = QV9A76H7PR;
				GENERATE_INFOPLIST_FILE = YES;
				INFOPLIST_FILE = ImageFeed/Info.plist;
				INFOPLIST_KEY_UIApplicationSupportsIndirectInputEvents = YES;
				INFOPLIST_KEY_UILaunchStoryboardName = LaunchScreen;
				INFOPLIST_KEY_UIMainStoryboardFile = Main;
				INFOPLIST_KEY_UIStatusBarStyle = UIStatusBarStyleLightContent;
				INFOPLIST_KEY_UISupportedInterfaceOrientations = UIInterfaceOrientationPortrait;
				IPHONEOS_DEPLOYMENT_TARGET = 13.0;
				LD_RUNPATH_SEARCH_PATHS = (
					"$(inherited)",
					"@executable_path/Frameworks",
				);
				MARKETING_VERSION = 1.0;
				PRODUCT_BUNDLE_IDENTIFIER = ru.yandex.practicum.chrnivan.ImageFeed;
				PRODUCT_NAME = "$(TARGET_NAME)";
				SUPPORTED_PLATFORMS = "iphoneos iphonesimulator";
				SUPPORTS_MACCATALYST = NO;
				SUPPORTS_MAC_DESIGNED_FOR_IPHONE_IPAD = YES;
				SWIFT_EMIT_LOC_STRINGS = YES;
				SWIFT_VERSION = 5.0;
				TARGETED_DEVICE_FAMILY = 1;
			};
			name = Debug;
		};
		E270443D2A97C200006A5021 /* Release */ = {
			isa = XCBuildConfiguration;
			buildSettings = {
				ASSETCATALOG_COMPILER_APPICON_NAME = AppIcon;
				ASSETCATALOG_COMPILER_GLOBAL_ACCENT_COLOR_NAME = AccentColor;
				CODE_SIGN_STYLE = Automatic;
				CURRENT_PROJECT_VERSION = 1;
				DEVELOPMENT_TEAM = QV9A76H7PR;
				GENERATE_INFOPLIST_FILE = YES;
				INFOPLIST_FILE = ImageFeed/Info.plist;
				INFOPLIST_KEY_UIApplicationSupportsIndirectInputEvents = YES;
				INFOPLIST_KEY_UILaunchStoryboardName = LaunchScreen;
				INFOPLIST_KEY_UIMainStoryboardFile = Main;
				INFOPLIST_KEY_UIStatusBarStyle = UIStatusBarStyleLightContent;
				INFOPLIST_KEY_UISupportedInterfaceOrientations = UIInterfaceOrientationPortrait;
				IPHONEOS_DEPLOYMENT_TARGET = 13.0;
				LD_RUNPATH_SEARCH_PATHS = (
					"$(inherited)",
					"@executable_path/Frameworks",
				);
				MARKETING_VERSION = 1.0;
				PRODUCT_BUNDLE_IDENTIFIER = ru.yandex.practicum.chrnivan.ImageFeed;
				PRODUCT_NAME = "$(TARGET_NAME)";
				SUPPORTED_PLATFORMS = "iphoneos iphonesimulator";
				SUPPORTS_MACCATALYST = NO;
				SUPPORTS_MAC_DESIGNED_FOR_IPHONE_IPAD = YES;
				SWIFT_EMIT_LOC_STRINGS = YES;
				SWIFT_VERSION = 5.0;
				TARGETED_DEVICE_FAMILY = 1;
			};
			name = Release;
		};
/* End XCBuildConfiguration section */

/* Begin XCConfigurationList section */
		E27044222A97C1FE006A5021 /* Build configuration list for PBXProject "ImageFeed" */ = {
			isa = XCConfigurationList;
			buildConfigurations = (
				E27044392A97C200006A5021 /* Debug */,
				E270443A2A97C200006A5021 /* Release */,
			);
			defaultConfigurationIsVisible = 0;
			defaultConfigurationName = Release;
		};
		E270443B2A97C200006A5021 /* Build configuration list for PBXNativeTarget "ImageFeed" */ = {
			isa = XCConfigurationList;
			buildConfigurations = (
				E270443C2A97C200006A5021 /* Debug */,
				E270443D2A97C200006A5021 /* Release */,
			);
			defaultConfigurationIsVisible = 0;
			defaultConfigurationName = Release;
		};
/* End XCConfigurationList section */
	};
	rootObject = E270441F2A97C1FE006A5021 /* Project object */;
}
